
Microsoft Visual Studio Solution File, Format Version 12.00
# Visual Studio Version 17
VisualStudioVersion = 17.7.34031.279
MinimumVisualStudioVersion = 10.0.40219.1
Project("{9A19103F-16F7-4668-BE54-9A1E7A4F7556}") = "EstructureCondition", "EstructureCondition\EstructureCondition.csproj", "{50E9E7D7-8103-4ECC-A80B-209C35CCE2BE}"
EndProject
Project("{FAE04EC0-301F-11D3-BF4B-00C04F79EFBC}") = "FunctionsStrings", "FunctionsStrings\FunctionsStrings.csproj", "{536CEF01-0C16-4A8F-929F-F8484944E695}"
EndProject
Global
	GlobalSection(SolutionConfigurationPlatforms) = preSolution
		Debug|Any CPU = Debug|Any CPU
		Release|Any CPU = Release|Any CPU
	EndGlobalSection
	GlobalSection(ProjectConfigurationPlatforms) = postSolution
		{50E9E7D7-8103-4ECC-A80B-209C35CCE2BE}.Debug|Any CPU.ActiveCfg = Debug|Any CPU
		{50E9E7D7-8103-4ECC-A80B-209C35CCE2BE}.Debug|Any CPU.Build.0 = Debug|Any CPU
		{50E9E7D7-8103-4ECC-A80B-209C35CCE2BE}.Release|Any CPU.ActiveCfg = Release|Any CPU
		{50E9E7D7-8103-4ECC-A80B-209C35CCE2BE}.Release|Any CPU.Build.0 = Release|Any CPU
		{536CEF01-0C16-4A8F-929F-F8484944E695}.Debug|Any CPU.ActiveCfg = Debug|Any CPU
		{536CEF01-0C16-4A8F-929F-F8484944E695}.Debug|Any CPU.Build.0 = Debug|Any CPU
		{536CEF01-0C16-4A8F-929F-F8484944E695}.Release|Any CPU.ActiveCfg = Release|Any CPU
		{536CEF01-0C16-4A8F-929F-F8484944E695}.Release|Any CPU.Build.0 = Release|Any CPU
	EndGlobalSection
	GlobalSection(SolutionProperties) = preSolution
		HideSolutionNode = FALSE
	EndGlobalSection
	GlobalSection(ExtensibilityGlobals) = postSolution
		SolutionGuid = {B53C46B7-0FC5-4869-95E7-A5E58FF5A44D}
	EndGlobalSection
EndGlobal
